
Microsoft Visual Studio Solution File, Format Version 12.00
Project("{FAE04EC0-301F-11D3-BF4B-00C04F79EFBC}") = "TestWebHeroku", "TestWebHeroku\TestWebHeroku.csproj", "{67B5F1EA-7D7A-41F0-A8FE-D3A0AE693064}"
EndProject
Global
	GlobalSection(SolutionConfigurationPlatforms) = preSolution
		Debug|Any CPU = Debug|Any CPU
		Release|Any CPU = Release|Any CPU
	EndGlobalSection
	GlobalSection(ProjectConfigurationPlatforms) = postSolution
		{67B5F1EA-7D7A-41F0-A8FE-D3A0AE693064}.Debug|Any CPU.ActiveCfg = Debug|Any CPU
		{67B5F1EA-7D7A-41F0-A8FE-D3A0AE693064}.Debug|Any CPU.Build.0 = Debug|Any CPU
		{67B5F1EA-7D7A-41F0-A8FE-D3A0AE693064}.Release|Any CPU.ActiveCfg = Release|Any CPU
		{67B5F1EA-7D7A-41F0-A8FE-D3A0AE693064}.Release|Any CPU.Build.0 = Release|Any CPU
	EndGlobalSection
EndGlobal
